
Microsoft Visual Studio Solution File, Format Version 12.00
# Visual Studio Version 17
VisualStudioVersion = 17.7.34221.43
MinimumVisualStudioVersion = 10.0.40219.1
Project("{FAE04EC0-301F-11D3-BF4B-00C04F79EFBC}") = "WebReservation", "WebReservation\WebReservation.csproj", "{93BC1A72-FD61-47D5-A8C9-43937AEA64F3}"
EndProject
Global
	GlobalSection(SolutionConfigurationPlatforms) = preSolution
		Debug|Any CPU = Debug|Any CPU
		Release|Any CPU = Release|Any CPU
	EndGlobalSection
	GlobalSection(ProjectConfigurationPlatforms) = postSolution
		{93BC1A72-FD61-47D5-A8C9-43937AEA64F3}.Debug|Any CPU.ActiveCfg = Debug|Any CPU
		{93BC1A72-FD61-47D5-A8C9-43937AEA64F3}.Debug|Any CPU.Build.0 = Debug|Any CPU
		{93BC1A72-FD61-47D5-A8C9-43937AEA64F3}.Release|Any CPU.ActiveCfg = Release|Any CPU
		{93BC1A72-FD61-47D5-A8C9-43937AEA64F3}.Release|Any CPU.Build.0 = Release|Any CPU
	EndGlobalSection
	GlobalSection(SolutionProperties) = preSolution
		HideSolutionNode = FALSE
	EndGlobalSection
	GlobalSection(ExtensibilityGlobals) = postSolution
		SolutionGuid = {585DC99C-64D6-4E45-93D1-B1A3D96BFF04}
	EndGlobalSection
EndGlobal
